
Microsoft Visual Studio Solution File, Format Version 12.00
# Visual Studio Version 16
VisualStudioVersion = 16.0.32126.315
MinimumVisualStudioVersion = 10.0.40219.1
Project("{FAE04EC0-301F-11D3-BF4B-00C04F79EFBC}") = "Tuan4_PhamKimThanh", "Tuan4_PhamKimThanh\Tuan4_PhamKimThanh.csproj", "{B1185C0C-049A-463B-A310-CC9855EE0900}"
EndProject
Global
	GlobalSection(SolutionConfigurationPlatforms) = preSolution
		Debug|Any CPU = Debug|Any CPU
		Release|Any CPU = Release|Any CPU
	EndGlobalSection
	GlobalSection(ProjectConfigurationPlatforms) = postSolution
		{B1185C0C-049A-463B-A310-CC9855EE0900}.Debug|Any CPU.ActiveCfg = Debug|Any CPU
		{B1185C0C-049A-463B-A310-CC9855EE0900}.Debug|Any CPU.Build.0 = Debug|Any CPU
		{B1185C0C-049A-463B-A310-CC9855EE0900}.Release|Any CPU.ActiveCfg = Release|Any CPU
		{B1185C0C-049A-463B-A310-CC9855EE0900}.Release|Any CPU.Build.0 = Release|Any CPU
	EndGlobalSection
	GlobalSection(SolutionProperties) = preSolution
		HideSolutionNode = FALSE
	EndGlobalSection
	GlobalSection(ExtensibilityGlobals) = postSolution
		SolutionGuid = {64EE1F0E-3EF5-43DB-947E-8DD56E7FE167}
	EndGlobalSection
EndGlobal
